// !$*UTF8*$!
{
	archiveVersion = 1;
	classes = {
	};
	objectVersion = 46;
	objects = {

/* Begin PBXBuildFile section */
		844583351B3F12830067E834 /* SimpleSearch.m in Sources */ = {isa = PBXBuildFile; fileRef = 844583341B3F12830067E834 /* SimpleSearch.m */; };
		EB656F581A380CE100A10031 /* libsqlite3.dylib in Frameworks */ = {isa = PBXBuildFile; fileRef = EB656F571A380CE100A10031 /* libsqlite3.dylib */; };
		EB656F5B1A38BEFD00A10031 /* DBManager.m in Sources */ = {isa = PBXBuildFile; fileRef = EB656F5A1A38BEFD00A10031 /* DBManager.m */; };
		EB656F5D1A39186800A10031 /* ExtraContent.m in Sources */ = {isa = PBXBuildFile; fileRef = EB656F5C1A39186800A10031 /* ExtraContent.m */; };
		EB6DC8AA1A355631006084D4 /* main.m in Sources */ = {isa = PBXBuildFile; fileRef = EB6DC8A91A355631006084D4 /* main.m */; };
		EB6DC8AD1A355631006084D4 /* AppDelegate.m in Sources */ = {isa = PBXBuildFile; fileRef = EB6DC8AC1A355631006084D4 /* AppDelegate.m */; };
		EB6DC8B01A355631006084D4 /* MasterViewController.m in Sources */ = {isa = PBXBuildFile; fileRef = EB6DC8AF1A355631006084D4 /* MasterViewController.m */; };
		EB6DC8B31A355631006084D4 /* DetailViewController.m in Sources */ = {isa = PBXBuildFile; fileRef = EB6DC8B21A355631006084D4 /* DetailViewController.m */; };
		EB6DC8B81A355631006084D4 /* Images.xcassets in Resources */ = {isa = PBXBuildFile; fileRef = EB6DC8B71A355631006084D4 /* Images.xcassets */; };
		EB6DC8BB1A355631006084D4 /* LaunchScreen.xib in Resources */ = {isa = PBXBuildFile; fileRef = EB6DC8B91A355631006084D4 /* LaunchScreen.xib */; };
		EB6DC8C71A355632006084D4 /* MDTests.m in Sources */ = {isa = PBXBuildFile; fileRef = EB6DC8C61A355632006084D4 /* MDTests.m */; };
		EB6DC8D31A355650006084D4 /* Note.m in Sources */ = {isa = PBXBuildFile; fileRef = EB6DC8D21A355650006084D4 /* Note.m */; };
		EB6DC8D51A355658006084D4 /* NoteManager.m in Sources */ = {isa = PBXBuildFile; fileRef = EB6DC8D41A355658006084D4 /* NoteManager.m */; };
		EB6DC90F1A358E09006084D4 /* Main.storyboard in Resources */ = {isa = PBXBuildFile; fileRef = EB6DC90D1A358E09006084D4 /* Main.storyboard */; };
		EB6DC9111A366C8B006084D4 /* WebViewController.m in Sources */ = {isa = PBXBuildFile; fileRef = EB6DC9101A366C8B006084D4 /* WebViewController.m */; };
/* End PBXBuildFile section */

/* Begin PBXContainerItemProxy section */
		EB6DC8C11A355632006084D4 /* PBXContainerItemProxy */ = {
			isa = PBXContainerItemProxy;
			containerPortal = EB6DC89C1A355631006084D4 /* Project object */;
			proxyType = 1;
			remoteGlobalIDString = EB6DC8A31A355631006084D4;
			remoteInfo = MD;
		};
/* End PBXContainerItemProxy section */

/* Begin PBXFileReference section */
		844583331B3F12830067E834 /* SimpleSearch.h */ = {isa = PBXFileReference; fileEncoding = 4; lastKnownFileType = sourcecode.c.h; path = SimpleSearch.h; sourceTree = "<group>"; };
		844583341B3F12830067E834 /* SimpleSearch.m */ = {isa = PBXFileReference; fileEncoding = 4; lastKnownFileType = sourcecode.c.objc; path = SimpleSearch.m; sourceTree = "<group>"; };
		EB656F571A380CE100A10031 /* libsqlite3.dylib */ = {isa = PBXFileReference; lastKnownFileType = "compiled.mach-o.dylib"; name = libsqlite3.dylib; path = usr/lib/libsqlite3.dylib; sourceTree = SDKROOT; };
		EB656F591A38BD6900A10031 /* DBManager.h */ = {isa = PBXFileReference; lastKnownFileType = sourcecode.c.h; path = DBManager.h; sourceTree = "<group>"; };
		EB656F5A1A38BEFD00A10031 /* DBManager.m */ = {isa = PBXFileReference; fileEncoding = 4; lastKnownFileType = sourcecode.c.objc; path = DBManager.m; sourceTree = "<group>"; };
		EB656F5C1A39186800A10031 /* ExtraContent.m */ = {isa = PBXFileReference; fileEncoding = 4; lastKnownFileType = sourcecode.c.objc; path = ExtraContent.m; sourceTree = "<group>"; };
		EB6DC8A41A355631006084D4 /* MD.app */ = {isa = PBXFileReference; explicitFileType = wrapper.application; includeInIndex = 0; path = MD.app; sourceTree = BUILT_PRODUCTS_DIR; };
		EB6DC8A81A355631006084D4 /* Info.plist */ = {isa = PBXFileReference; lastKnownFileType = text.plist.xml; path = Info.plist; sourceTree = "<group>"; };
		EB6DC8A91A355631006084D4 /* main.m */ = {isa = PBXFileReference; lastKnownFileType = sourcecode.c.objc; path = main.m; sourceTree = "<group>"; };
		EB6DC8AB1A355631006084D4 /* AppDelegate.h */ = {isa = PBXFileReference; lastKnownFileType = sourcecode.c.h; path = AppDelegate.h; sourceTree = "<group>"; };
		EB6DC8AC1A355631006084D4 /* AppDelegate.m */ = {isa = PBXFileReference; lastKnownFileType = sourcecode.c.objc; path = AppDelegate.m; sourceTree = "<group>"; };
		EB6DC8AE1A355631006084D4 /* MasterViewController.h */ = {isa = PBXFileReference; lastKnownFileType = sourcecode.c.h; path = MasterViewController.h; sourceTree = "<group>"; };
		EB6DC8AF1A355631006084D4 /* MasterViewController.m */ = {isa = PBXFileReference; lastKnownFileType = sourcecode.c.objc; path = MasterViewController.m; sourceTree = "<group>"; };
		EB6DC8B11A355631006084D4 /* DetailViewController.h */ = {isa = PBXFileReference; lastKnownFileType = sourcecode.c.h; path = DetailViewController.h; sourceTree = "<group>"; };
		EB6DC8B21A355631006084D4 /* DetailViewController.m */ = {isa = PBXFileReference; lastKnownFileType = sourcecode.c.objc; path = DetailViewController.m; sourceTree = "<group>"; };
		EB6DC8B71A355631006084D4 /* Images.xcassets */ = {isa = PBXFileReference; lastKnownFileType = folder.assetcatalog; path = Images.xcassets; sourceTree = "<group>"; };
		EB6DC8BA1A355631006084D4 /* Base */ = {isa = PBXFileReference; lastKnownFileType = file.xib; name = Base; path = Base.lproj/LaunchScreen.xib; sourceTree = "<group>"; };
		EB6DC8C01A355632006084D4 /* MDTests.xctest */ = {isa = PBXFileReference; explicitFileType = wrapper.cfbundle; includeInIndex = 0; path = MDTests.xctest; sourceTree = BUILT_PRODUCTS_DIR; };
		EB6DC8C51A355632006084D4 /* Info.plist */ = {isa = PBXFileReference; lastKnownFileType = text.plist.xml; path = Info.plist; sourceTree = "<group>"; };
		EB6DC8C61A355632006084D4 /* MDTests.m */ = {isa = PBXFileReference; lastKnownFileType = sourcecode.c.objc; path = MDTests.m; sourceTree = "<group>"; };
		EB6DC8D01A355640006084D4 /* Note.h */ = {isa = PBXFileReference; lastKnownFileType = sourcecode.c.h; path = Note.h; sourceTree = "<group>"; };
		EB6DC8D11A355648006084D4 /* NoteManager.h */ = {isa = PBXFileReference; lastKnownFileType = sourcecode.c.h; path = NoteManager.h; sourceTree = "<group>"; };
		EB6DC8D21A355650006084D4 /* Note.m */ = {isa = PBXFileReference; fileEncoding = 4; lastKnownFileType = sourcecode.c.objc; path = Note.m; sourceTree = "<group>"; };
		EB6DC8D41A355658006084D4 /* NoteManager.m */ = {isa = PBXFileReference; fileEncoding = 4; lastKnownFileType = sourcecode.c.objc; path = NoteManager.m; sourceTree = "<group>"; };
		EB6DC90E1A358E09006084D4 /* Base */ = {isa = PBXFileReference; lastKnownFileType = file.storyboard; name = Base; path = Base.lproj/Main.storyboard; sourceTree = "<group>"; };
		EB6DC9101A366C8B006084D4 /* WebViewController.m */ = {isa = PBXFileReference; fileEncoding = 4; lastKnownFileType = sourcecode.c.objc; path = WebViewController.m; sourceTree = "<group>"; };
		EB6DC9121A366CE0006084D4 /* WebViewController.h */ = {isa = PBXFileReference; lastKnownFileType = sourcecode.c.h; path = WebViewController.h; sourceTree = "<group>"; };
/* End PBXFileReference section */

/* Begin PBXFrameworksBuildPhase section */
		EB6DC8A11A355631006084D4 /* Frameworks */ = {
			isa = PBXFrameworksBuildPhase;
			buildActionMask = 2147483647;
			files = (
				EB656F581A380CE100A10031 /* libsqlite3.dylib in Frameworks */,
			);
			runOnlyForDeploymentPostprocessing = 0;
		};
		EB6DC8BD1A355632006084D4 /* Frameworks */ = {
			isa = PBXFrameworksBuildPhase;
			buildActionMask = 2147483647;
			files = (
			);
			runOnlyForDeploymentPostprocessing = 0;
		};
/* End PBXFrameworksBuildPhase section */

/* Begin PBXGroup section */
		EB6DC89B1A355631006084D4 = {
			isa = PBXGroup;
			children = (
				EB656F571A380CE100A10031 /* libsqlite3.dylib */,
				EB6DC8A61A355631006084D4 /* MD */,
				EB6DC8C31A355632006084D4 /* MDTests */,
				EB6DC8A51A355631006084D4 /* Products */,
			);
			sourceTree = "<group>";
		};
		EB6DC8A51A355631006084D4 /* Products */ = {
			isa = PBXGroup;
			children = (
				EB6DC8A41A355631006084D4 /* MD.app */,
				EB6DC8C01A355632006084D4 /* MDTests.xctest */,
			);
			name = Products;
			sourceTree = "<group>";
		};
		EB6DC8A61A355631006084D4 /* MD */ = {
			isa = PBXGroup;
			children = (
				844583331B3F12830067E834 /* SimpleSearch.h */,
				844583341B3F12830067E834 /* SimpleSearch.m */,
				EB6DC8AB1A355631006084D4 /* AppDelegate.h */,
				EB6DC8AC1A355631006084D4 /* AppDelegate.m */,
				EB656F591A38BD6900A10031 /* DBManager.h */,
				EB656F5A1A38BEFD00A10031 /* DBManager.m */,
				EB6DC8D01A355640006084D4 /* Note.h */,
				EB6DC8D21A355650006084D4 /* Note.m */,
				EB6DC8D11A355648006084D4 /* NoteManager.h */,
				EB6DC8D41A355658006084D4 /* NoteManager.m */,
				EB6DC9121A366CE0006084D4 /* WebViewController.h */,
				EB6DC9101A366C8B006084D4 /* WebViewController.m */,
				EB6DC8AE1A355631006084D4 /* MasterViewController.h */,
				EB6DC8AF1A355631006084D4 /* MasterViewController.m */,
				EB6DC8B11A355631006084D4 /* DetailViewController.h */,
				EB6DC8B21A355631006084D4 /* DetailViewController.m */,
				EB6DC90D1A358E09006084D4 /* Main.storyboard */,
				EB6DC8B71A355631006084D4 /* Images.xcassets */,
				EB6DC8B91A355631006084D4 /* LaunchScreen.xib */,
				EB6DC8A71A355631006084D4 /* Supporting Files */,
			);
			path = MD;
			sourceTree = "<group>";
		};
		EB6DC8A71A355631006084D4 /* Supporting Files */ = {
			isa = PBXGroup;
			children = (
				EB6DC8A81A355631006084D4 /* Info.plist */,
				EB6DC8A91A355631006084D4 /* main.m */,
				EB656F5C1A39186800A10031 /* ExtraContent.m */,
			);
			name = "Supporting Files";
			sourceTree = "<group>";
		};
		EB6DC8C31A355632006084D4 /* MDTests */ = {
			isa = PBXGroup;
			children = (
				EB6DC8C61A355632006084D4 /* MDTests.m */,
				EB6DC8C41A355632006084D4 /* Supporting Files */,
			);
			path = MDTests;
			sourceTree = "<group>";
		};
		EB6DC8C41A355632006084D4 /* Supporting Files */ = {
			isa = PBXGroup;
			children = (
				EB6DC8C51A355632006084D4 /* Info.plist */,
			);
			name = "Supporting Files";
			sourceTree = "<group>";
		};
/* End PBXGroup section */

/* Begin PBXNativeTarget section */
		EB6DC8A31A355631006084D4 /* MD */ = {
			isa = PBXNativeTarget;
			buildConfigurationList = EB6DC8CA1A355632006084D4 /* Build configuration list for PBXNativeTarget "MD" */;
			buildPhases = (
				EB6DC8A01A355631006084D4 /* Sources */,
				EB6DC8A21A355631006084D4 /* Resources */,
				EB6DC8A11A355631006084D4 /* Frameworks */,
			);
			buildRules = (
			);
			dependencies = (
			);
			name = MD;
			productName = MD;
			productReference = EB6DC8A41A355631006084D4 /* MD.app */;
			productType = "com.apple.product-type.application";
		};
		EB6DC8BF1A355632006084D4 /* MDTests */ = {
			isa = PBXNativeTarget;
			buildConfigurationList = EB6DC8CD1A355632006084D4 /* Build configuration list for PBXNativeTarget "MDTests" */;
			buildPhases = (
				EB6DC8BC1A355632006084D4 /* Sources */,
				EB6DC8BD1A355632006084D4 /* Frameworks */,
				EB6DC8BE1A355632006084D4 /* Resources */,
			);
			buildRules = (
			);
			dependencies = (
				EB6DC8C21A355632006084D4 /* PBXTargetDependency */,
			);
			name = MDTests;
			productName = MDTests;
			productReference = EB6DC8C01A355632006084D4 /* MDTests.xctest */;
			productType = "com.apple.product-type.bundle.unit-test";
		};
/* End PBXNativeTarget section */

/* Begin PBXProject section */
		EB6DC89C1A355631006084D4 /* Project object */ = {
			isa = PBXProject;
			attributes = {
				LastUpgradeCheck = 0610;
				ORGANIZATIONNAME = "Sherman Marshall";
				TargetAttributes = {
					EB6DC8A31A355631006084D4 = {
						CreatedOnToolsVersion = 6.1.1;
					};
					EB6DC8BF1A355632006084D4 = {
						CreatedOnToolsVersion = 6.1.1;
						TestTargetID = EB6DC8A31A355631006084D4;
					};
				};
			};
			buildConfigurationList = EB6DC89F1A355631006084D4 /* Build configuration list for PBXProject "CS646Project" */;
			compatibilityVersion = "Xcode 3.2";
			developmentRegion = English;
			hasScannedForEncodings = 0;
			knownRegions = (
				en,
				Base,
			);
			mainGroup = EB6DC89B1A355631006084D4;
			productRefGroup = EB6DC8A51A355631006084D4 /* Products */;
			projectDirPath = "";
			projectRoot = "";
			targets = (
				EB6DC8A31A355631006084D4 /* MD */,
				EB6DC8BF1A355632006084D4 /* MDTests */,
			);
		};
/* End PBXProject section */

/* Begin PBXResourcesBuildPhase section */
		EB6DC8A21A355631006084D4 /* Resources */ = {
			isa = PBXResourcesBuildPhase;
			buildActionMask = 2147483647;
			files = (
				EB6DC90F1A358E09006084D4 /* Main.storyboard in Resources */,
				EB6DC8BB1A355631006084D4 /* LaunchScreen.xib in Resources */,
				EB6DC8B81A355631006084D4 /* Images.xcassets in Resources */,
			);
			runOnlyForDeploymentPostprocessing = 0;
		};
		EB6DC8BE1A355632006084D4 /* Resources */ = {
			isa = PBXResourcesBuildPhase;
			buildActionMask = 2147483647;
			files = (
			);
			runOnlyForDeploymentPostprocessing = 0;
		};
/* End PBXResourcesBuildPhase section */

/* Begin PBXSourcesBuildPhase section */
		EB6DC8A01A355631006084D4 /* Sources */ = {
			isa = PBXSourcesBuildPhase;
			buildActionMask = 2147483647;
			files = (
				EB6DC8D31A355650006084D4 /* Note.m in Sources */,
				844583351B3F12830067E834 /* SimpleSearch.m in Sources */,
				EB6DC8D51A355658006084D4 /* NoteManager.m in Sources */,
				EB656F5D1A39186800A10031 /* ExtraContent.m in Sources */,
				EB6DC8AD1A355631006084D4 /* AppDelegate.m in Sources */,
				EB656F5B1A38BEFD00A10031 /* DBManager.m in Sources */,
				EB6DC9111A366C8B006084D4 /* WebViewController.m in Sources */,
				EB6DC8B01A355631006084D4 /* MasterViewController.m in Sources */,
				EB6DC8AA1A355631006084D4 /* main.m in Sources */,
				EB6DC8B31A355631006084D4 /* DetailViewController.m in Sources */,
			);
			runOnlyForDeploymentPostprocessing = 0;
		};
		EB6DC8BC1A355632006084D4 /* Sources */ = {
			isa = PBXSourcesBuildPhase;
			buildActionMask = 2147483647;
			files = (
				EB6DC8C71A355632006084D4 /* MDTests.m in Sources */,
			);
			runOnlyForDeploymentPostprocessing = 0;
		};
/* End PBXSourcesBuildPhase section */

/* Begin PBXTargetDependency section */
		EB6DC8C21A355632006084D4 /* PBXTargetDependency */ = {
			isa = PBXTargetDependency;
			target = EB6DC8A31A355631006084D4 /* MD */;
			targetProxy = EB6DC8C11A355632006084D4 /* PBXContainerItemProxy */;
		};
/* End PBXTargetDependency section */

/* Begin PBXVariantGroup section */
		EB6DC8B91A355631006084D4 /* LaunchScreen.xib */ = {
			isa = PBXVariantGroup;
			children = (
				EB6DC8BA1A355631006084D4 /* Base */,
			);
			name = LaunchScreen.xib;
			sourceTree = "<group>";
		};
		EB6DC90D1A358E09006084D4 /* Main.storyboard */ = {
			isa = PBXVariantGroup;
			children = (
				EB6DC90E1A358E09006084D4 /* Base */,
			);
			name = Main.storyboard;
			sourceTree = "<group>";
		};
/* End PBXVariantGroup section */

/* Begin XCBuildConfiguration section */
		EB6DC8C81A355632006084D4 /* Debug */ = {
			isa = XCBuildConfiguration;
			buildSettings = {
				ALWAYS_SEARCH_USER_PATHS = NO;
				CLANG_CXX_LANGUAGE_STANDARD = "gnu++0x";
				CLANG_CXX_LIBRARY = "libc++";
				CLANG_ENABLE_MODULES = YES;
				CLANG_ENABLE_OBJC_ARC = YES;
				CLANG_WARN_BOOL_CONVERSION = YES;
				CLANG_WARN_CONSTANT_CONVERSION = YES;
				CLANG_WARN_DIRECT_OBJC_ISA_USAGE = YES_ERROR;
				CLANG_WARN_EMPTY_BODY = YES;
				CLANG_WARN_ENUM_CONVERSION = YES;
				CLANG_WARN_INT_CONVERSION = YES;
				CLANG_WARN_OBJC_ROOT_CLASS = YES_ERROR;
				CLANG_WARN_UNREACHABLE_CODE = YES;
				CLANG_WARN__DUPLICATE_METHOD_MATCH = YES;
				"CODE_SIGN_IDENTITY[sdk=iphoneos*]" = "iPhone Developer";
				COPY_PHASE_STRIP = NO;
				ENABLE_STRICT_OBJC_MSGSEND = YES;
				GCC_C_LANGUAGE_STANDARD = gnu99;
				GCC_DYNAMIC_NO_PIC = NO;
				GCC_OPTIMIZATION_LEVEL = 0;
				GCC_PREPROCESSOR_DEFINITIONS = (
					"DEBUG=1",
					"$(inherited)",
				);
				GCC_SYMBOLS_PRIVATE_EXTERN = NO;
				GCC_WARN_64_TO_32_BIT_CONVERSION = YES;
				GCC_WARN_ABOUT_RETURN_TYPE = YES_ERROR;
				GCC_WARN_UNDECLARED_SELECTOR = YES;
				GCC_WARN_UNINITIALIZED_AUTOS = YES_AGGRESSIVE;
				GCC_WARN_UNUSED_FUNCTION = YES;
				GCC_WARN_UNUSED_VARIABLE = YES;
				IPHONEOS_DEPLOYMENT_TARGET = 8.1;
				MTL_ENABLE_DEBUG_INFO = YES;
				ONLY_ACTIVE_ARCH = YES;
				SDKROOT = iphoneos;
				TARGETED_DEVICE_FAMILY = "1,2";
			};
			name = Debug;
		};
		EB6DC8C91A355632006084D4 /* Release */ = {
			isa = XCBuildConfiguration;
			buildSettings = {
				ALWAYS_SEARCH_USER_PATHS = NO;
				CLANG_CXX_LANGUAGE_STANDARD = "gnu++0x";
				CLANG_CXX_LIBRARY = "libc++";
				CLANG_ENABLE_MODULES = YES;
				CLANG_ENABLE_OBJC_ARC = YES;
				CLANG_WARN_BOOL_CONVERSION = YES;
				CLANG_WARN_CONSTANT_CONVERSION = YES;
				CLANG_WARN_DIRECT_OBJC_ISA_USAGE = YES_ERROR;
				CLANG_WARN_EMPTY_BODY = YES;
				CLANG_WARN_ENUM_CONVERSION = YES;
				CLANG_WARN_INT_CONVERSION = YES;
				CLANG_WARN_OBJC_ROOT_CLASS = YES_ERROR;
				CLANG_WARN_UNREACHABLE_CODE = YES;
				CLANG_WARN__DUPLICATE_METHOD_MATCH = YES;
				"CODE_SIGN_IDENTITY[sdk=iphoneos*]" = "iPhone Developer";
				COPY_PHASE_STRIP = YES;
				ENABLE_NS_ASSERTIONS = NO;
				ENABLE_STRICT_OBJC_MSGSEND = YES;
				GCC_C_LANGUAGE_STANDARD = gnu99;
				GCC_WARN_64_TO_32_BIT_CONVERSION = YES;
				GCC_WARN_ABOUT_RETURN_TYPE = YES_ERROR;
				GCC_WARN_UNDECLARED_SELECTOR = YES;
				GCC_WARN_UNINITIALIZED_AUTOS = YES_AGGRESSIVE;
				GCC_WARN_UNUSED_FUNCTION = YES;
				GCC_WARN_UNUSED_VARIABLE = YES;
				IPHONEOS_DEPLOYMENT_TARGET = 8.1;
				MTL_ENABLE_DEBUG_INFO = NO;
				SDKROOT = iphoneos;
				TARGETED_DEVICE_FAMILY = "1,2";
				VALIDATE_PRODUCT = YES;
			};
			name = Release;
		};
		EB6DC8CB1A355632006084D4 /* Debug */ = {
			isa = XCBuildConfiguration;
			buildSettings = {
				ASSETCATALOG_COMPILER_APPICON_NAME = AppIcon;
				INFOPLIST_FILE = MD/Info.plist;
				LD_RUNPATH_SEARCH_PATHS = "$(inherited) @executable_path/Frameworks";
				PRODUCT_NAME = "$(TARGET_NAME)";
			};
			name = Debug;
		};
		EB6DC8CC1A355632006084D4 /* Release */ = {
			isa = XCBuildConfiguration;
			buildSettings = {
				ASSETCATALOG_COMPILER_APPICON_NAME = AppIcon;
				INFOPLIST_FILE = MD/Info.plist;
				LD_RUNPATH_SEARCH_PATHS = "$(inherited) @executable_path/Frameworks";
				PRODUCT_NAME = "$(TARGET_NAME)";
			};
			name = Release;
		};
		EB6DC8CE1A355632006084D4 /* Debug */ = {
			isa = XCBuildConfiguration;
			buildSettings = {
				BUNDLE_LOADER = "$(TEST_HOST)";
				FRAMEWORK_SEARCH_PATHS = (
					"$(SDKROOT)/Developer/Library/Frameworks",
					"$(inherited)",
				);
				GCC_PREPROCESSOR_DEFINITIONS = (
					"DEBUG=1",
					"$(inherited)",
				);
				INFOPLIST_FILE = MDTests/Info.plist;
				LD_RUNPATH_SEARCH_PATHS = "$(inherited) @executable_path/Frameworks @loader_path/Frameworks";
				PRODUCT_NAME = "$(TARGET_NAME)";
				TEST_HOST = "$(BUILT_PRODUCTS_DIR)/MD.app/MD";
			};
			name = Debug;
		};
		EB6DC8CF1A355632006084D4 /* Release */ = {
			isa = XCBuildConfiguration;
			buildSettings = {
				BUNDLE_LOADER = "$(TEST_HOST)";
				FRAMEWORK_SEARCH_PATHS = (
					"$(SDKROOT)/Developer/Library/Frameworks",
					"$(inherited)",
				);
				INFOPLIST_FILE = MDTests/Info.plist;
				LD_RUNPATH_SEARCH_PATHS = "$(inherited) @executable_path/Frameworks @loader_path/Frameworks";
				PRODUCT_NAME = "$(TARGET_NAME)";
				TEST_HOST = "$(BUILT_PRODUCTS_DIR)/MD.app/MD";
			};
			name = Release;
		};
/* End XCBuildConfiguration section */

/* Begin XCConfigurationList section */
		EB6DC89F1A355631006084D4 /* Build configuration list for PBXProject "CS646Project" */ = {
			isa = XCConfigurationList;
			buildConfigurations = (
				EB6DC8C81A355632006084D4 /* Debug */,
				EB6DC8C91A355632006084D4 /* Release */,
			);
			defaultConfigurationIsVisible = 0;
			defaultConfigurationName = Release;
		};
		EB6DC8CA1A355632006084D4 /* Build configuration list for PBXNativeTarget "MD" */ = {
			isa = XCConfigurationList;
			buildConfigurations = (
				EB6DC8CB1A355632006084D4 /* Debug */,
				EB6DC8CC1A355632006084D4 /* Release */,
			);
			defaultConfigurationIsVisible = 0;
			defaultConfigurationName = Release;
		};
		EB6DC8CD1A355632006084D4 /* Build configuration list for PBXNativeTarget "MDTests" */ = {
			isa = XCConfigurationList;
			buildConfigurations = (
				EB6DC8CE1A355632006084D4 /* Debug */,
				EB6DC8CF1A355632006084D4 /* Release */,
			);
			defaultConfigurationIsVisible = 0;
			defaultConfigurationName = Release;
		};
/* End XCConfigurationList section */
	};
	rootObject = EB6DC89C1A355631006084D4 /* Project object */;
}
